{
  "requires": true,
  "lockfileVersion": 1,
  "dependencies": {
    "@angular/cdk": {
      "version": "12.2.5",
      "resolved": "https://registry.npmjs.org/@angular/cdk/-/cdk-12.2.5.tgz",
      "integrity": "sha512-sB+chDISuQ2orEgWumVkEaaQ2Mkf5SDBlNGMwgwUV5a2eSp0wDprZS+3+H8lHc533z2Y4GOh6Apklku8XQT5qw==",
      "requires": {
        "parse5": "^5.0.0",
        "tslib": "^2.2.0"
      }
    },
    "@angular/material": {
      "version": "12.2.5",
      "resolved": "https://registry.npmjs.org/@angular/material/-/material-12.2.5.tgz",
      "integrity": "sha512-oQMNxxDtcR3evZaOdTyzCWRCHcM6V4AGJx4pbyzEpYPo9j4iKFGtTPLGEkWtsWNFZp/g7E7gx0sU3ssjRDt7Dw==",
      "requires": {
        "tslib": "^2.2.0"
      }
    },
    "parse5": {
      "version": "5.1.1",
      "resolved": "https://registry.npmjs.org/parse5/-/parse5-5.1.1.tgz",
      "integrity": "sha512-ugq4DFI0Ptb+WWjAdOK16+u/nHfiIrcE+sh8kZMaM0WllQKLI9rOUq6c2b7cwPkXdzfQESqvoqK6ug7U/Yyzug==",
      "optional": true
    },
    "tslib": {
      "version": "2.3.1",
      "resolved": "https://registry.npmjs.org/tslib/-/tslib-2.3.1.tgz",
      "integrity": "sha512-77EbyPPpMz+FRFRuAFlWMtmgUWGe9UOG2Z25NqCwiIjRhOf5iKGuzSe5P2w1laq+FkRy4p+PCuVkJSGkzTEKVw=="
    }
  }
}
